Microsoft Visual Studio Solution File, Format Version 9.00
# Visual Studio 2005
Project("{F184B08F-C81C-45F6-A57F-5ABD9991F28F}") = "DVDParser", "DVDParser\DVDParser.vbproj", "{F156CFD4-D1D0-4A33-95E6-78C646CCDDD9}"
EndProject
Project("{8BC9CEB8-8B4A-11D0-8D11-00A0C91BC942}") = "IOCTL_DVD", "IOCTL_DVD\IOCTL_DVD.vcproj", "{D9AD1806-6FF1-45EA-ADBE-AA5542DB1E4E}"
EndProject
Project("{F184B08F-C81C-45F6-A57F-5ABD9991F28F}") = "SMT.Common", "..\..\..\Libraries\Common\Common 1.0\SMT.Common.vbproj", "{4E644ACB-24B7-491A-9770-E69F625AA1EF}"
EndProject
Project("{F184B08F-C81C-45F6-A57F-5ABD9991F28F}") = "SMT.MediaResources", "..\..\..\Libraries\MediaResources\SMT.MediaResources.vbproj", "{AA876C1D-5A6E-4BFA-944F-A6FF761EE872}"
EndProject
Global
	GlobalSection(SourceCodeControl) = preSolution
		SccNumberOfProjects = 5
		SccProjectUniqueName0 = ..\\..\\..\\Libraries\\Common\\Common\u00201.0\\SMT.Common.vbproj
		SccProjectName0 = $/Products/SMT/Libraries/Common/Common\u00201.0
		SccLocalPath0 = ..\\..\\..\\Libraries\\Common\\Common\u00201.0
		SccProjectUniqueName1 = ..\\..\\..\\Libraries\\MediaResources\\SMT.MediaResources.vbproj
		SccProjectName1 = $/Products/SMT/Libraries/MediaResources
		SccLocalPath1 = ..\\..\\..\\Libraries\\MediaResources
		SccProjectUniqueName2 = DVDParser\\DVDParser.vbproj
		SccProjectName2 = \u0022$/Products/SMT/Applications/UtilityApps/DVDParse/DVDParser\u0022
		SccLocalPath2 = DVDParser
		SccProjectUniqueName3 = IOCTL_DVD\\IOCTL_DVD.vcproj
		SccProjectName3 = \u0022$/Products/SMT/Applications/UtilityApps/DVDParse/IOCTL_DVD\u0022
		SccLocalPath3 = IOCTL_DVD
		SccLocalPath4 = .
	EndGlobalSection
	GlobalSection(SolutionConfigurationPlatforms) = preSolution
		Debug Unicode|Any CPU = Debug Unicode|Any CPU
		Debug Unicode|Mixed Platforms = Debug Unicode|Mixed Platforms
		Debug Unicode|Win32 = Debug Unicode|Win32
		Debug|Any CPU = Debug|Any CPU
		Debug|Mixed Platforms = Debug|Mixed Platforms
		Debug|Win32 = Debug|Win32
		Gab_Release|Any CPU = Gab_Release|Any CPU
		Gab_Release|Mixed Platforms = Gab_Release|Mixed Platforms
		Gab_Release|Win32 = Gab_Release|Win32
		Release Unicode|Any CPU = Release Unicode|Any CPU
		Release Unicode|Mixed Platforms = Release Unicode|Mixed Platforms
		Release Unicode|Win32 = Release Unicode|Win32
		Release|Any CPU = Release|Any CPU
		Release|Mixed Platforms = Release|Mixed Platforms
		Release|Win32 = Release|Win32
		Test|Any CPU = Test|Any CPU
		Test|Mixed Platforms = Test|Mixed Platforms
		Test|Win32 = Test|Win32
	EndGlobalSection
	GlobalSection(ProjectConfigurationPlatforms) = postSolution
		{F156CFD4-D1D0-4A33-95E6-78C646CCDDD9}.Debug Unicode|Any CPU.ActiveCfg = Debug|Any CPU
		{F156CFD4-D1D0-4A33-95E6-78C646CCDDD9}.Debug Unicode|Any CPU.Build.0 = Debug|Any CPU
		{F156CFD4-D1D0-4A33-95E6-78C646CCDDD9}.Debug Unicode|Mixed Platforms.ActiveCfg = Debug|Any CPU
		{F156CFD4-D1D0-4A33-95E6-78C646CCDDD9}.Debug Unicode|Mixed Platforms.Build.0 = Debug|Any CPU
		{F156CFD4-D1D0-4A33-95E6-78C646CCDDD9}.Debug Unicode|Win32.ActiveCfg = Debug|Any CPU
		{F156CFD4-D1D0-4A33-95E6-78C646CCDDD9}.Debug|Any CPU.ActiveCfg = Debug|Any CPU
		{F156CFD4-D1D0-4A33-95E6-78C646CCDDD9}.Debug|Any CPU.Build.0 = Debug|Any CPU
		{F156CFD4-D1D0-4A33-95E6-78C646CCDDD9}.Debug|Mixed Platforms.ActiveCfg = Debug|Any CPU
		{F156CFD4-D1D0-4A33-95E6-78C646CCDDD9}.Debug|Mixed Platforms.Build.0 = Debug|Any CPU
		{F156CFD4-D1D0-4A33-95E6-78C646CCDDD9}.Debug|Win32.ActiveCfg = Debug|Any CPU
		{F156CFD4-D1D0-4A33-95E6-78C646CCDDD9}.Gab_Release|Any CPU.ActiveCfg = Release|Any CPU
		{F156CFD4-D1D0-4A33-95E6-78C646CCDDD9}.Gab_Release|Any CPU.Build.0 = Release|Any CPU
		{F156CFD4-D1D0-4A33-95E6-78C646CCDDD9}.Gab_Release|Mixed Platforms.ActiveCfg = Release|Any CPU
		{F156CFD4-D1D0-4A33-95E6-78C646CCDDD9}.Gab_Release|Mixed Platforms.Build.0 = Release|Any CPU
		{F156CFD4-D1D0-4A33-95E6-78C646CCDDD9}.Gab_Release|Win32.ActiveCfg = Release|Any CPU
		{F156CFD4-D1D0-4A33-95E6-78C646CCDDD9}.Release Unicode|Any CPU.ActiveCfg = Release|Any CPU
		{F156CFD4-D1D0-4A33-95E6-78C646CCDDD9}.Release Unicode|Any CPU.Build.0 = Release|Any CPU
		{F156CFD4-D1D0-4A33-95E6-78C646CCDDD9}.Release Unicode|Mixed Platforms.ActiveCfg = Release|Any CPU
		{F156CFD4-D1D0-4A33-95E6-78C646CCDDD9}.Release Unicode|Mixed Platforms.Build.0 = Release|Any CPU
		{F156CFD4-D1D0-4A33-95E6-78C646CCDDD9}.Release Unicode|Win32.ActiveCfg = Release|Any CPU
		{F156CFD4-D1D0-4A33-95E6-78C646CCDDD9}.Release|Any CPU.ActiveCfg = Release|Any CPU
		{F156CFD4-D1D0-4A33-95E6-78C646CCDDD9}.Release|Any CPU.Build.0 = Release|Any CPU
		{F156CFD4-D1D0-4A33-95E6-78C646CCDDD9}.Release|Mixed Platforms.ActiveCfg = Release|Any CPU
		{F156CFD4-D1D0-4A33-95E6-78C646CCDDD9}.Release|Mixed Platforms.Build.0 = Release|Any CPU
		{F156CFD4-D1D0-4A33-95E6-78C646CCDDD9}.Release|Win32.ActiveCfg = Release|Any CPU
		{F156CFD4-D1D0-4A33-95E6-78C646CCDDD9}.Test|Any CPU.ActiveCfg = Release|Any CPU
		{F156CFD4-D1D0-4A33-95E6-78C646CCDDD9}.Test|Any CPU.Build.0 = Release|Any CPU
		{F156CFD4-D1D0-4A33-95E6-78C646CCDDD9}.Test|Mixed Platforms.ActiveCfg = Release|Any CPU
		{F156CFD4-D1D0-4A33-95E6-78C646CCDDD9}.Test|Mixed Platforms.Build.0 = Release|Any CPU
		{F156CFD4-D1D0-4A33-95E6-78C646CCDDD9}.Test|Win32.ActiveCfg = Release|Any CPU
		{D9AD1806-6FF1-45EA-ADBE-AA5542DB1E4E}.Debug Unicode|Any CPU.ActiveCfg = Debug|Win32
		{D9AD1806-6FF1-45EA-ADBE-AA5542DB1E4E}.Debug Unicode|Mixed Platforms.ActiveCfg = Debug|Win32
		{D9AD1806-6FF1-45EA-ADBE-AA5542DB1E4E}.Debug Unicode|Mixed Platforms.Build.0 = Debug|Win32
		{D9AD1806-6FF1-45EA-ADBE-AA5542DB1E4E}.Debug Unicode|Win32.ActiveCfg = Debug|Win32
		{D9AD1806-6FF1-45EA-ADBE-AA5542DB1E4E}.Debug Unicode|Win32.Build.0 = Debug|Win32
		{D9AD1806-6FF1-45EA-ADBE-AA5542DB1E4E}.Debug|Any CPU.ActiveCfg = Debug|Win32
		{D9AD1806-6FF1-45EA-ADBE-AA5542DB1E4E}.Debug|Mixed Platforms.ActiveCfg = Debug|Win32
		{D9AD1806-6FF1-45EA-ADBE-AA5542DB1E4E}.Debug|Mixed Platforms.Build.0 = Debug|Win32
		{D9AD1806-6FF1-45EA-ADBE-AA5542DB1E4E}.Debug|Win32.ActiveCfg = Debug|Win32
		{D9AD1806-6FF1-45EA-ADBE-AA5542DB1E4E}.Debug|Win32.Build.0 = Debug|Win32
		{D9AD1806-6FF1-45EA-ADBE-AA5542DB1E4E}.Gab_Release|Any CPU.ActiveCfg = Release|Win32
		{D9AD1806-6FF1-45EA-ADBE-AA5542DB1E4E}.Gab_Release|Mixed Platforms.ActiveCfg = Release|Win32
		{D9AD1806-6FF1-45EA-ADBE-AA5542DB1E4E}.Gab_Release|Mixed Platforms.Build.0 = Release|Win32
		{D9AD1806-6FF1-45EA-ADBE-AA5542DB1E4E}.Gab_Release|Win32.ActiveCfg = Release|Win32
		{D9AD1806-6FF1-45EA-ADBE-AA5542DB1E4E}.Gab_Release|Win32.Build.0 = Release|Win32
		{D9AD1806-6FF1-45EA-ADBE-AA5542DB1E4E}.Release Unicode|Any CPU.ActiveCfg = Release|Win32
		{D9AD1806-6FF1-45EA-ADBE-AA5542DB1E4E}.Release Unicode|Mixed Platforms.ActiveCfg = Release|Win32
		{D9AD1806-6FF1-45EA-ADBE-AA5542DB1E4E}.Release Unicode|Mixed Platforms.Build.0 = Release|Win32
		{D9AD1806-6FF1-45EA-ADBE-AA5542DB1E4E}.Release Unicode|Win32.ActiveCfg = Release|Win32
		{D9AD1806-6FF1-45EA-ADBE-AA5542DB1E4E}.Release Unicode|Win32.Build.0 = Release|Win32
		{D9AD1806-6FF1-45EA-ADBE-AA5542DB1E4E}.Release|Any CPU.ActiveCfg = Release|Win32
		{D9AD1806-6FF1-45EA-ADBE-AA5542DB1E4E}.Release|Mixed Platforms.ActiveCfg = Release|Win32
		{D9AD1806-6FF1-45EA-ADBE-AA5542DB1E4E}.Release|Mixed Platforms.Build.0 = Release|Win32
		{D9AD1806-6FF1-45EA-ADBE-AA5542DB1E4E}.Release|Win32.ActiveCfg = Release|Win32
		{D9AD1806-6FF1-45EA-ADBE-AA5542DB1E4E}.Release|Win32.Build.0 = Release|Win32
		{D9AD1806-6FF1-45EA-ADBE-AA5542DB1E4E}.Test|Any CPU.ActiveCfg = Release|Win32
		{D9AD1806-6FF1-45EA-ADBE-AA5542DB1E4E}.Test|Mixed Platforms.ActiveCfg = Release|Win32
		{D9AD1806-6FF1-45EA-ADBE-AA5542DB1E4E}.Test|Mixed Platforms.Build.0 = Release|Win32
		{D9AD1806-6FF1-45EA-ADBE-AA5542DB1E4E}.Test|Win32.ActiveCfg = Release|Win32
		{D9AD1806-6FF1-45EA-ADBE-AA5542DB1E4E}.Test|Win32.Build.0 = Release|Win32
		{4E644ACB-24B7-491A-9770-E69F625AA1EF}.Debug Unicode|Any CPU.ActiveCfg = Debug|Any CPU
		{4E644ACB-24B7-491A-9770-E69F625AA1EF}.Debug Unicode|Any CPU.Build.0 = Debug|Any CPU
		{4E644ACB-24B7-491A-9770-E69F625AA1EF}.Debug Unicode|Mixed Platforms.ActiveCfg = Debug|Any CPU
		{4E644ACB-24B7-491A-9770-E69F625AA1EF}.Debug Unicode|Mixed Platforms.Build.0 = Debug|Any CPU
		{4E644ACB-24B7-491A-9770-E69F625AA1EF}.Debug Unicode|Win32.ActiveCfg = Debug|Any CPU
		{4E644ACB-24B7-491A-9770-E69F625AA1EF}.Debug|Any CPU.ActiveCfg = Debug|Any CPU
		{4E644ACB-24B7-491A-9770-E69F625AA1EF}.Debug|Any CPU.Build.0 = Debug|Any CPU
		{4E644ACB-24B7-491A-9770-E69F625AA1EF}.Debug|Mixed Platforms.ActiveCfg = Debug|Any CPU
		{4E644ACB-24B7-491A-9770-E69F625AA1EF}.Debug|Mixed Platforms.Build.0 = Debug|Any CPU
		{4E644ACB-24B7-491A-9770-E69F625AA1EF}.Debug|Win32.ActiveCfg = Debug|Any CPU
		{4E644ACB-24B7-491A-9770-E69F625AA1EF}.Gab_Release|Any CPU.ActiveCfg = Release|Any CPU
		{4E644ACB-24B7-491A-9770-E69F625AA1EF}.Gab_Release|Any CPU.Build.0 = Release|Any CPU
		{4E644ACB-24B7-491A-9770-E69F625AA1EF}.Gab_Release|Mixed Platforms.ActiveCfg = Release|Any CPU
		{4E644ACB-24B7-491A-9770-E69F625AA1EF}.Gab_Release|Mixed Platforms.Build.0 = Release|Any CPU
		{4E644ACB-24B7-491A-9770-E69F625AA1EF}.Gab_Release|Win32.ActiveCfg = Release|Any CPU
		{4E644ACB-24B7-491A-9770-E69F625AA1EF}.Release Unicode|Any CPU.ActiveCfg = Release|Any CPU
		{4E644ACB-24B7-491A-9770-E69F625AA1EF}.Release Unicode|Any CPU.Build.0 = Release|Any CPU
		{4E644ACB-24B7-491A-9770-E69F625AA1EF}.Release Unicode|Mixed Platforms.ActiveCfg = Release|Any CPU
		{4E644ACB-24B7-491A-9770-E69F625AA1EF}.Release Unicode|Mixed Platforms.Build.0 = Release|Any CPU
		{4E644ACB-24B7-491A-9770-E69F625AA1EF}.Release Unicode|Win32.ActiveCfg = Release|Any CPU
		{4E644ACB-24B7-491A-9770-E69F625AA1EF}.Release|Any CPU.ActiveCfg = Release|Any CPU
		{4E644ACB-24B7-491A-9770-E69F625AA1EF}.Release|Any CPU.Build.0 = Release|Any CPU
		{4E644ACB-24B7-491A-9770-E69F625AA1EF}.Release|Mixed Platforms.ActiveCfg = Release|Any CPU
		{4E644ACB-24B7-491A-9770-E69F625AA1EF}.Release|Mixed Platforms.Build.0 = Release|Any CPU
		{4E644ACB-24B7-491A-9770-E69F625AA1EF}.Release|Win32.ActiveCfg = Release|Any CPU
		{4E644ACB-24B7-491A-9770-E69F625AA1EF}.Test|Any CPU.ActiveCfg = Release|Any CPU
		{4E644ACB-24B7-491A-9770-E69F625AA1EF}.Test|Any CPU.Build.0 = Release|Any CPU
		{4E644ACB-24B7-491A-9770-E69F625AA1EF}.Test|Mixed Platforms.ActiveCfg = Release|Any CPU
		{4E644ACB-24B7-491A-9770-E69F625AA1EF}.Test|Mixed Platforms.Build.0 = Release|Any CPU
		{4E644ACB-24B7-491A-9770-E69F625AA1EF}.Test|Win32.ActiveCfg = Release|Any CPU
		{AA876C1D-5A6E-4BFA-944F-A6FF761EE872}.Debug Unicode|Any CPU.ActiveCfg = Debug|Any CPU
		{AA876C1D-5A6E-4BFA-944F-A6FF761EE872}.Debug Unicode|Any CPU.Build.0 = Debug|Any CPU
		{AA876C1D-5A6E-4BFA-944F-A6FF761EE872}.Debug Unicode|Mixed Platforms.ActiveCfg = Debug|Any CPU
		{AA876C1D-5A6E-4BFA-944F-A6FF761EE872}.Debug Unicode|Mixed Platforms.Build.0 = Debug|Any CPU
		{AA876C1D-5A6E-4BFA-944F-A6FF761EE872}.Debug Unicode|Win32.ActiveCfg = Debug|Any CPU
		{AA876C1D-5A6E-4BFA-944F-A6FF761EE872}.Debug|Any CPU.ActiveCfg = Debug|Any CPU
		{AA876C1D-5A6E-4BFA-944F-A6FF761EE872}.Debug|Any CPU.Build.0 = Debug|Any CPU
		{AA876C1D-5A6E-4BFA-944F-A6FF761EE872}.Debug|Mixed Platforms.ActiveCfg = Debug|Any CPU
		{AA876C1D-5A6E-4BFA-944F-A6FF761EE872}.Debug|Mixed Platforms.Build.0 = Debug|Any CPU
		{AA876C1D-5A6E-4BFA-944F-A6FF761EE872}.Debug|Win32.ActiveCfg = Debug|Any CPU
		{AA876C1D-5A6E-4BFA-944F-A6FF761EE872}.Gab_Release|Any CPU.ActiveCfg = Release|Any CPU
		{AA876C1D-5A6E-4BFA-944F-A6FF761EE872}.Gab_Release|Any CPU.Build.0 = Release|Any CPU
		{AA876C1D-5A6E-4BFA-944F-A6FF761EE872}.Gab_Release|Mixed Platforms.ActiveCfg = Release|Any CPU
		{AA876C1D-5A6E-4BFA-944F-A6FF761EE872}.Gab_Release|Mixed Platforms.Build.0 = Release|Any CPU
		{AA876C1D-5A6E-4BFA-944F-A6FF761EE872}.Gab_Release|Win32.ActiveCfg = Release|Any CPU
		{AA876C1D-5A6E-4BFA-944F-A6FF761EE872}.Release Unicode|Any CPU.ActiveCfg = Release|Any CPU
		{AA876C1D-5A6E-4BFA-944F-A6FF761EE872}.Release Unicode|Any CPU.Build.0 = Release|Any CPU
		{AA876C1D-5A6E-4BFA-944F-A6FF761EE872}.Release Unicode|Mixed Platforms.ActiveCfg = Release|Any CPU
		{AA876C1D-5A6E-4BFA-944F-A6FF761EE872}.Release Unicode|Mixed Platforms.Build.0 = Release|Any CPU
		{AA876C1D-5A6E-4BFA-944F-A6FF761EE872}.Release Unicode|Win32.ActiveCfg = Release|Any CPU
		{AA876C1D-5A6E-4BFA-944F-A6FF761EE872}.Release|Any CPU.ActiveCfg = Release|Any CPU
		{AA876C1D-5A6E-4BFA-944F-A6FF761EE872}.Release|Any CPU.Build.0 = Release|Any CPU
		{AA876C1D-5A6E-4BFA-944F-A6FF761EE872}.Release|Mixed Platforms.ActiveCfg = Release|Any CPU
		{AA876C1D-5A6E-4BFA-944F-A6FF761EE872}.Release|Mixed Platforms.Build.0 = Release|Any CPU
		{AA876C1D-5A6E-4BFA-944F-A6FF761EE872}.Release|Win32.ActiveCfg = Release|Any CPU
		{AA876C1D-5A6E-4BFA-944F-A6FF761EE872}.Test|Any CPU.ActiveCfg = Release|Any CPU
		{AA876C1D-5A6E-4BFA-944F-A6FF761EE872}.Test|Any CPU.Build.0 = Release|Any CPU
		{AA876C1D-5A6E-4BFA-944F-A6FF761EE872}.Test|Mixed Platforms.ActiveCfg = Release|Any CPU
		{AA876C1D-5A6E-4BFA-944F-A6FF761EE872}.Test|Mixed Platforms.Build.0 = Release|Any CPU
		{AA876C1D-5A6E-4BFA-944F-A6FF761EE872}.Test|Win32.ActiveCfg = Release|Any CPU
	EndGlobalSection
	GlobalSection(SolutionProperties) = preSolution
		HideSolutionNode = FALSE
	EndGlobalSection
EndGlobal
