
Microsoft Visual Studio Solution File, Format Version 9.00
# Visual Studio 2005
Project("{F184B08F-C81C-45F6-A57F-5ABD9991F28F}") = "YUVBinToBMP", "YUVBinToBMP\YUVBinToBMP.vbproj", "{0C80412F-AC29-46EA-B7C2-759EE2A7BA33}"
EndProject
Global
	GlobalSection(SolutionConfigurationPlatforms) = preSolution
		Debug|Any CPU = Debug|Any CPU
		Release|Any CPU = Release|Any CPU
	EndGlobalSection
	GlobalSection(ProjectConfigurationPlatforms) = postSolution
		{0C80412F-AC29-46EA-B7C2-759EE2A7BA33}.Debug|Any CPU.ActiveCfg = Debug|Any CPU
		{0C80412F-AC29-46EA-B7C2-759EE2A7BA33}.Debug|Any CPU.Build.0 = Debug|Any CPU
		{0C80412F-AC29-46EA-B7C2-759EE2A7BA33}.Release|Any CPU.ActiveCfg = Release|Any CPU
		{0C80412F-AC29-46EA-B7C2-759EE2A7BA33}.Release|Any CPU.Build.0 = Release|Any CPU
	EndGlobalSection
	GlobalSection(SolutionProperties) = preSolution
		HideSolutionNode = FALSE
	EndGlobalSection
EndGlobal
